# generated by rye
# use `rye lock` or `rye sync` to update this lockfile
#
# last locked with the following flags:
#   pre: false
#   features: []
#   all-features: false
#   with-sources: false
#   generate-hashes: false
#   universal: false

-e file:.
annotated-types==0.7.0
    # via pydantic
numpy==2.3.4
    # via pandas
    # via vortexion
pandas==2.3.3
    # via vortexion
pydantic==2.12.4
    # via vortexion
pydantic-core==2.41.5
    # via pydantic
python-dateutil==2.9.0.post0
    # via pandas
pytz==2025.2
    # via pandas
pyxel==2.5.10
    # via vortexion
six==1.17.0
    # via python-dateutil
typing-extensions==4.15.0
    # via pydantic
    # via pydantic-core
    # via typing-inspection
typing-inspection==0.4.2
    # via pydantic
tzdata==2025.2
    # via pandas
